
Microsoft Visual Studio Solution File, Format Version 12.00
# Visual Studio Version 16
VisualStudioVersion = 16.0.31025.194
MinimumVisualStudioVersion = 10.0.40219.1
Project("{9A19103F-16F7-4668-BE54-9A1E7A4F7556}") = "KampIntro", "KampIntro\KampIntro.csproj", "{587FE9E9-9FA6-417C-A9B3-DC50FB87C286}"
EndProject
Project("{9A19103F-16F7-4668-BE54-9A1E7A4F7556}") = "donguler", "donguler\donguler.csproj", "{1E545018-8644-458A-BA2C-CEDE6B656FBF}"
EndProject
Project("{9A19103F-16F7-4668-BE54-9A1E7A4F7556}") = "ClassIntro", "ClassIntro\ClassIntro.csproj", "{34C9E85A-0A23-4716-8FB6-E509ECDB3B94}"
EndProject
Project("{9A19103F-16F7-4668-BE54-9A1E7A4F7556}") = "Metotlar", "Metotlar\Metotlar.csproj", "{C989D5B7-2AC1-4595-895E-A2377E79465B}"
EndProject
Project("{9A19103F-16F7-4668-BE54-9A1E7A4F7556}") = "Matematik", "Matematik\Matematik.csproj", "{5DBB365E-59F3-42D9-A014-8A3BC868CA5F}"
EndProject
Project("{9A19103F-16F7-4668-BE54-9A1E7A4F7556}") = "DegerVeReferansTipler", "DegerVeReferansTipler\DegerVeReferansTipler.csproj", "{A24A5516-60DA-467D-BD91-32CA5628ABF1}"
EndProject
Project("{9A19103F-16F7-4668-BE54-9A1E7A4F7556}") = "OOP1", "OOP1\OOP1.csproj", "{FC82D9BE-266D-4648-A066-4D30D529EDC6}"
EndProject
Project("{9A19103F-16F7-4668-BE54-9A1E7A4F7556}") = "Collections", "Collections\Collections.csproj", "{4D8EB165-89B4-4AD7-92EA-571730F731E5}"
EndProject
Project("{9A19103F-16F7-4668-BE54-9A1E7A4F7556}") = "GenericsIntro", "GenericsIntro\GenericsIntro.csproj", "{696A5C60-ACA7-4D51-A230-5F7AE45B8577}"
EndProject
Project("{9A19103F-16F7-4668-BE54-9A1E7A4F7556}") = "MyDictionary", "MyDictionary\MyDictionary.csproj", "{37492B4E-F892-4819-8B33-525E89EBB2D0}"
EndProject
Project("{FAE04EC0-301F-11D3-BF4B-00C04F79EFBC}") = "OOP2", "OOP2\OOP2.csproj", "{9239CC15-B904-432E-8973-59A3EF498140}"
EndProject
Project("{FAE04EC0-301F-11D3-BF4B-00C04F79EFBC}") = "OOP3", "OOP3\OOP3.csproj", "{64AFE174-B7FB-40F1-B435-FCA8700063C3}"
EndProject
Global
	GlobalSection(SolutionConfigurationPlatforms) = preSolution
		Debug|Any CPU = Debug|Any CPU
		Release|Any CPU = Release|Any CPU
	EndGlobalSection
	GlobalSection(ProjectConfigurationPlatforms) = postSolution
		{587FE9E9-9FA6-417C-A9B3-DC50FB87C286}.Debug|Any CPU.ActiveCfg = Debug|Any CPU
		{587FE9E9-9FA6-417C-A9B3-DC50FB87C286}.Debug|Any CPU.Build.0 = Debug|Any CPU
		{587FE9E9-9FA6-417C-A9B3-DC50FB87C286}.Release|Any CPU.ActiveCfg = Release|Any CPU
		{587FE9E9-9FA6-417C-A9B3-DC50FB87C286}.Release|Any CPU.Build.0 = Release|Any CPU
		{1E545018-8644-458A-BA2C-CEDE6B656FBF}.Debug|Any CPU.ActiveCfg = Debug|Any CPU
		{1E545018-8644-458A-BA2C-CEDE6B656FBF}.Debug|Any CPU.Build.0 = Debug|Any CPU
		{1E545018-8644-458A-BA2C-CEDE6B656FBF}.Release|Any CPU.ActiveCfg = Release|Any CPU
		{1E545018-8644-458A-BA2C-CEDE6B656FBF}.Release|Any CPU.Build.0 = Release|Any CPU
		{34C9E85A-0A23-4716-8FB6-E509ECDB3B94}.Debug|Any CPU.ActiveCfg = Debug|Any CPU
		{34C9E85A-0A23-4716-8FB6-E509ECDB3B94}.Debug|Any CPU.Build.0 = Debug|Any CPU
		{34C9E85A-0A23-4716-8FB6-E509ECDB3B94}.Release|Any CPU.ActiveCfg = Release|Any CPU
		{34C9E85A-0A23-4716-8FB6-E509ECDB3B94}.Release|Any CPU.Build.0 = Release|Any CPU
		{C989D5B7-2AC1-4595-895E-A2377E79465B}.Debug|Any CPU.ActiveCfg = Debug|Any CPU
		{C989D5B7-2AC1-4595-895E-A2377E79465B}.Debug|Any CPU.Build.0 = Debug|Any CPU
		{C989D5B7-2AC1-4595-895E-A2377E79465B}.Release|Any CPU.ActiveCfg = Release|Any CPU
		{C989D5B7-2AC1-4595-895E-A2377E79465B}.Release|Any CPU.Build.0 = Release|Any CPU
		{5DBB365E-59F3-42D9-A014-8A3BC868CA5F}.Debug|Any CPU.ActiveCfg = Debug|Any CPU
		{5DBB365E-59F3-42D9-A014-8A3BC868CA5F}.Debug|Any CPU.Build.0 = Debug|Any CPU
		{5DBB365E-59F3-42D9-A014-8A3BC868CA5F}.Release|Any CPU.ActiveCfg = Release|Any CPU
		{5DBB365E-59F3-42D9-A014-8A3BC868CA5F}.Release|Any CPU.Build.0 = Release|Any CPU
		{A24A5516-60DA-467D-BD91-32CA5628ABF1}.Debug|Any CPU.ActiveCfg = Debug|Any CPU
		{A24A5516-60DA-467D-BD91-32CA5628ABF1}.Debug|Any CPU.Build.0 = Debug|Any CPU
		{A24A5516-60DA-467D-BD91-32CA5628ABF1}.Release|Any CPU.ActiveCfg = Release|Any CPU
		{A24A5516-60DA-467D-BD91-32CA5628ABF1}.Release|Any CPU.Build.0 = Release|Any CPU
		{FC82D9BE-266D-4648-A066-4D30D529EDC6}.Debug|Any CPU.ActiveCfg = Debug|Any CPU
		{FC82D9BE-266D-4648-A066-4D30D529EDC6}.Debug|Any CPU.Build.0 = Debug|Any CPU
		{FC82D9BE-266D-4648-A066-4D30D529EDC6}.Release|Any CPU.ActiveCfg = Release|Any CPU
		{FC82D9BE-266D-4648-A066-4D30D529EDC6}.Release|Any CPU.Build.0 = Release|Any CPU
		{4D8EB165-89B4-4AD7-92EA-571730F731E5}.Debug|Any CPU.ActiveCfg = Debug|Any CPU
		{4D8EB165-89B4-4AD7-92EA-571730F731E5}.Debug|Any CPU.Build.0 = Debug|Any CPU
		{4D8EB165-89B4-4AD7-92EA-571730F731E5}.Release|Any CPU.ActiveCfg = Release|Any CPU
		{4D8EB165-89B4-4AD7-92EA-571730F731E5}.Release|Any CPU.Build.0 = Release|Any CPU
		{696A5C60-ACA7-4D51-A230-5F7AE45B8577}.Debug|Any CPU.ActiveCfg = Debug|Any CPU
		{696A5C60-ACA7-4D51-A230-5F7AE45B8577}.Debug|Any CPU.Build.0 = Debug|Any CPU
		{696A5C60-ACA7-4D51-A230-5F7AE45B8577}.Release|Any CPU.ActiveCfg = Release|Any CPU
		{696A5C60-ACA7-4D51-A230-5F7AE45B8577}.Release|Any CPU.Build.0 = Release|Any CPU
		{37492B4E-F892-4819-8B33-525E89EBB2D0}.Debug|Any CPU.ActiveCfg = Debug|Any CPU
		{37492B4E-F892-4819-8B33-525E89EBB2D0}.Debug|Any CPU.Build.0 = Debug|Any CPU
		{37492B4E-F892-4819-8B33-525E89EBB2D0}.Release|Any CPU.ActiveCfg = Release|Any CPU
		{37492B4E-F892-4819-8B33-525E89EBB2D0}.Release|Any CPU.Build.0 = Release|Any CPU
		{9239CC15-B904-432E-8973-59A3EF498140}.Debug|Any CPU.ActiveCfg = Debug|Any CPU
		{9239CC15-B904-432E-8973-59A3EF498140}.Debug|Any CPU.Build.0 = Debug|Any CPU
		{9239CC15-B904-432E-8973-59A3EF498140}.Release|Any CPU.ActiveCfg = Release|Any CPU
		{9239CC15-B904-432E-8973-59A3EF498140}.Release|Any CPU.Build.0 = Release|Any CPU
		{64AFE174-B7FB-40F1-B435-FCA8700063C3}.Debug|Any CPU.ActiveCfg = Debug|Any CPU
		{64AFE174-B7FB-40F1-B435-FCA8700063C3}.Debug|Any CPU.Build.0 = Debug|Any CPU
		{64AFE174-B7FB-40F1-B435-FCA8700063C3}.Release|Any CPU.ActiveCfg = Release|Any CPU
		{64AFE174-B7FB-40F1-B435-FCA8700063C3}.Release|Any CPU.Build.0 = Release|Any CPU
	EndGlobalSection
	GlobalSection(SolutionProperties) = preSolution
		HideSolutionNode = FALSE
	EndGlobalSection
	GlobalSection(ExtensibilityGlobals) = postSolution
		SolutionGuid = {8E779C97-1F66-441C-8C83-FE6197746EAC}
	EndGlobalSection
EndGlobal
